
Microsoft Visual Studio Solution File, Format Version 12.00
# Visual Studio Version 17
VisualStudioVersion = 17.5.33516.290
MinimumVisualStudioVersion = 10.0.40219.1
Project("{FAE04EC0-301F-11D3-BF4B-00C04F79EFBC}") = "JWTAuthenitcation", "JWTAuthenitcation\JWTAuthenitcation.csproj", "{CAD762A6-2C96-49AC-98C4-C24D5135B547}"
EndProject
Global
	GlobalSection(SolutionConfigurationPlatforms) = preSolution
		Debug|Any CPU = Debug|Any CPU
		Release|Any CPU = Release|Any CPU
	EndGlobalSection
	GlobalSection(ProjectConfigurationPlatforms) = postSolution
		{CAD762A6-2C96-49AC-98C4-C24D5135B547}.Debug|Any CPU.ActiveCfg = Debug|Any CPU
		{CAD762A6-2C96-49AC-98C4-C24D5135B547}.Debug|Any CPU.Build.0 = Debug|Any CPU
		{CAD762A6-2C96-49AC-98C4-C24D5135B547}.Release|Any CPU.ActiveCfg = Release|Any CPU
		{CAD762A6-2C96-49AC-98C4-C24D5135B547}.Release|Any CPU.Build.0 = Release|Any CPU
	EndGlobalSection
	GlobalSection(SolutionProperties) = preSolution
		HideSolutionNode = FALSE
	EndGlobalSection
	GlobalSection(ExtensibilityGlobals) = postSolution
		SolutionGuid = {37D7DE0C-08DA-45EB-AA72-AE6970B7325B}
	EndGlobalSection
EndGlobal
